// !$*UTF8*$!
{
	archiveVersion = 1;
	classes = {
	};
	objectVersion = 46;
	objects = {

/* Begin PBXBuildFile section */
		2DBC01671C516C5400AE6B9F /* AppDelegate.swift in Sources */ = {isa = PBXBuildFile; fileRef = 2DBC01661C516C5400AE6B9F /* AppDelegate.swift */; };
		2DBC01691C516C5400AE6B9F /* ViewController.swift in Sources */ = {isa = PBXBuildFile; fileRef = 2DBC01681C516C5400AE6B9F /* ViewController.swift */; };
		2DBC016C1C516C5400AE6B9F /* Main.storyboard in Resources */ = {isa = PBXBuildFile; fileRef = 2DBC016A1C516C5400AE6B9F /* Main.storyboard */; };
		2DBC016E1C516C5400AE6B9F /* Assets.xcassets in Resources */ = {isa = PBXBuildFile; fileRef = 2DBC016D1C516C5400AE6B9F /* Assets.xcassets */; };
		2DBC01711C516C5400AE6B9F /* LaunchScreen.storyboard in Resources */ = {isa = PBXBuildFile; fileRef = 2DBC016F1C516C5400AE6B9F /* LaunchScreen.storyboard */; };
/* End PBXBuildFile section */

/* Begin PBXFileReference section */
		2DBC01631C516C5400AE6B9F /* Ex1.app */ = {isa = PBXFileReference; explicitFileType = wrapper.application; includeInIndex = 0; path = Ex1.app; sourceTree = BUILT_PRODUCTS_DIR; };
		2DBC01661C516C5400AE6B9F /* AppDelegate.swift */ = {isa = PBXFileReference; lastKnownFileType = sourcecode.swift; path = AppDelegate.swift; sourceTree = "<group>"; };
		2DBC01681C516C5400AE6B9F /* ViewController.swift */ = {isa = PBXFileReference; lastKnownFileType = sourcecode.swift; path = ViewController.swift; sourceTree = "<group>"; };
		2DBC016B1C516C5400AE6B9F /* Base */ = {isa = PBXFileReference; lastKnownFileType = file.storyboard; name = Base; path = Base.lproj/Main.storyboard; sourceTree = "<group>"; };
		2DBC016D1C516C5400AE6B9F /* Assets.xcassets */ = {isa = PBXFileReference; lastKnownFileType = folder.assetcatalog; path = Assets.xcassets; sourceTree = "<group>"; };
		2DBC01701C516C5400AE6B9F /* Base */ = {isa = PBXFileReference; lastKnownFileType = file.storyboard; name = Base; path = Base.lproj/LaunchScreen.storyboard; sourceTree = "<group>"; };
		2DBC01721C516C5400AE6B9F /* Info.plist */ = {isa = PBXFileReference; lastKnownFileType = text.plist.xml; path = Info.plist; sourceTree = "<group>"; };
/* End PBXFileReference section */

/* Begin PBXFrameworksBuildPhase section */
		2DBC01601C516C5400AE6B9F /* Frameworks */ = {
			isa = PBXFrameworksBuildPhase;
			buildActionMask = 2147483647;
			files = (
			);
			runOnlyForDeploymentPostprocessing = 0;
		};
/* End PBXFrameworksBuildPhase section */

/* Begin PBXGroup section */
		2DBC015A1C516C5400AE6B9F = {
			isa = PBXGroup;
			children = (
				2DBC01651C516C5400AE6B9F /* Ex1 */,
				2DBC01641C516C5400AE6B9F /* Products */,
			);
			sourceTree = "<group>";
		};
		2DBC01641C516C5400AE6B9F /* Products */ = {
			isa = PBXGroup;
			children = (
				2DBC01631C516C5400AE6B9F /* Ex1.app */,
			);
			name = Products;
			sourceTree = "<group>";
		};
		2DBC01651C516C5400AE6B9F /* Ex1 */ = {
			isa = PBXGroup;
			children = (
				2DBC01661C516C5400AE6B9F /* AppDelegate.swift */,
				2DBC01681C516C5400AE6B9F /* ViewController.swift */,
				2DBC016A1C516C5400AE6B9F /* Main.storyboard */,
				2DBC016D1C516C5400AE6B9F /* Assets.xcassets */,
				2DBC016F1C516C5400AE6B9F /* LaunchScreen.storyboard */,
				2DBC01721C516C5400AE6B9F /* Info.plist */,
			);
			path = Ex1;
			sourceTree = "<group>";
		};
/* End PBXGroup section */

/* Begin PBXNativeTarget section */
		2DBC01621C516C5400AE6B9F /* Ex1 */ = {
			isa = PBXNativeTarget;
			buildConfigurationList = 2DBC01751C516C5400AE6B9F /* Build configuration list for PBXNativeTarget "Ex1" */;
			buildPhases = (
				2DBC015F1C516C5400AE6B9F /* Sources */,
				2DBC01601C516C5400AE6B9F /* Frameworks */,
				2DBC01611C516C5400AE6B9F /* Resources */,
			);
			buildRules = (
			);
			dependencies = (
			);
			name = Ex1;
			productName = Ex1;
			productReference = 2DBC01631C516C5400AE6B9F /* Ex1.app */;
			productType = "com.apple.product-type.application";
		};
/* End PBXNativeTarget section */

/* Begin PBXProject section */
		2DBC015B1C516C5400AE6B9F /* Project object */ = {
			isa = PBXProject;
			attributes = {
				LastSwiftUpdateCheck = 0720;
				LastUpgradeCheck = 0720;
				ORGANIZATIONNAME = ismailov.com;
				TargetAttributes = {
					2DBC01621C516C5400AE6B9F = {
						CreatedOnToolsVersion = 7.2;
					};
				};
			};
			buildConfigurationList = 2DBC015E1C516C5400AE6B9F /* Build configuration list for PBXProject "Ex1" */;
			compatibilityVersion = "Xcode 3.2";
			developmentRegion = English;
			hasScannedForEncodings = 0;
			knownRegions = (
				en,
				Base,
			);
			mainGroup = 2DBC015A1C516C5400AE6B9F;
			productRefGroup = 2DBC01641C516C5400AE6B9F /* Products */;
			projectDirPath = "";
			projectRoot = "";
			targets = (
				2DBC01621C516C5400AE6B9F /* Ex1 */,
			);
		};
/* End PBXProject section */

/* Begin PBXResourcesBuildPhase section */
		2DBC01611C516C5400AE6B9F /* Resources */ = {
			isa = PBXResourcesBuildPhase;
			buildActionMask = 2147483647;
			files = (
				2DBC01711C516C5400AE6B9F /* LaunchScreen.storyboard in Resources */,
				2DBC016E1C516C5400AE6B9F /* Assets.xcassets in Resources */,
				2DBC016C1C516C5400AE6B9F /* Main.storyboard in Resources */,
			);
			runOnlyForDeploymentPostprocessing = 0;
		};
/* End PBXResourcesBuildPhase section */

/* Begin PBXSourcesBuildPhase section */
		2DBC015F1C516C5400AE6B9F /* Sources */ = {
			isa = PBXSourcesBuildPhase;
			buildActionMask = 2147483647;
			files = (
				2DBC01691C516C5400AE6B9F /* ViewController.swift in Sources */,
				2DBC01671C516C5400AE6B9F /* AppDelegate.swift in Sources */,
			);
			runOnlyForDeploymentPostprocessing = 0;
		};
/* End PBXSourcesBuildPhase section */

/* Begin PBXVariantGroup section */
		2DBC016A1C516C5400AE6B9F /* Main.storyboard */ = {
			isa = PBXVariantGroup;
			children = (
				2DBC016B1C516C5400AE6B9F /* Base */,
			);
			name = Main.storyboard;
			sourceTree = "<group>";
		};
		2DBC016F1C516C5400AE6B9F /* LaunchScreen.storyboard */ = {
			isa = PBXVariantGroup;
			children = (
				2DBC01701C516C5400AE6B9F /* Base */,
			);
			name = LaunchScreen.storyboard;
			sourceTree = "<group>";
		};
/* End PBXVariantGroup section */

/* Begin XCBuildConfiguration section */
		2DBC01731C516C5400AE6B9F /* Debug */ = {
			isa = XCBuildConfiguration;
			buildSettings = {
				ALWAYS_SEARCH_USER_PATHS = NO;
				CLANG_CXX_LANGUAGE_STANDARD = "gnu++0x";
				CLANG_CXX_LIBRARY = "libc++";
				CLANG_ENABLE_MODULES = YES;
				CLANG_ENABLE_OBJC_ARC = YES;
				CLANG_WARN_BOOL_CONVERSION = YES;
				CLANG_WARN_CONSTANT_CONVERSION = YES;
				CLANG_WARN_DIRECT_OBJC_ISA_USAGE = YES_ERROR;
				CLANG_WARN_EMPTY_BODY = YES;
				CLANG_WARN_ENUM_CONVERSION = YES;
				CLANG_WARN_INT_CONVERSION = YES;
				CLANG_WARN_OBJC_ROOT_CLASS = YES_ERROR;
				CLANG_WARN_UNREACHABLE_CODE = YES;
				CLANG_WARN__DUPLICATE_METHOD_MATCH = YES;
				"CODE_SIGN_IDENTITY[sdk=iphoneos*]" = "iPhone Developer";
				COPY_PHASE_STRIP = NO;
				DEBUG_INFORMATION_FORMAT = dwarf;
				ENABLE_STRICT_OBJC_MSGSEND = YES;
				ENABLE_TESTABILITY = YES;
				GCC_C_LANGUAGE_STANDARD = gnu99;
				GCC_DYNAMIC_NO_PIC = NO;
				GCC_NO_COMMON_BLOCKS = YES;
				GCC_OPTIMIZATION_LEVEL = 0;
				GCC_PREPROCESSOR_DEFINITIONS = (
					"DEBUG=1",
					"$(inherited)",
				);
				GCC_WARN_64_TO_32_BIT_CONVERSION = YES;
				GCC_WARN_ABOUT_RETURN_TYPE = YES_ERROR;
				GCC_WARN_UNDECLARED_SELECTOR = YES;
				GCC_WARN_UNINITIALIZED_AUTOS = YES_AGGRESSIVE;
				GCC_WARN_UNUSED_FUNCTION = YES;
				GCC_WARN_UNUSED_VARIABLE = YES;
				IPHONEOS_DEPLOYMENT_TARGET = 9.2;
				MTL_ENABLE_DEBUG_INFO = YES;
				ONLY_ACTIVE_ARCH = YES;
				SDKROOT = iphoneos;
				SWIFT_OPTIMIZATION_LEVEL = "-Onone";
			};
			name = Debug;
		};
		2DBC01741C516C5400AE6B9F /* Release */ = {
			isa = XCBuildConfiguration;
			buildSettings = {
				ALWAYS_SEARCH_USER_PATHS = NO;
				CLANG_CXX_LANGUAGE_STANDARD = "gnu++0x";
				CLANG_CXX_LIBRARY = "libc++";
				CLANG_ENABLE_MODULES = YES;
				CLANG_ENABLE_OBJC_ARC = YES;
				CLANG_WARN_BOOL_CONVERSION = YES;
				CLANG_WARN_CONSTANT_CONVERSION = YES;
				CLANG_WARN_DIRECT_OBJC_ISA_USAGE = YES_ERROR;
				CLANG_WARN_EMPTY_BODY = YES;
				CLANG_WARN_ENUM_CONVERSION = YES;
				CLANG_WARN_INT_CONVERSION = YES;
				CLANG_WARN_OBJC_ROOT_CLASS = YES_ERROR;
				CLANG_WARN_UNREACHABLE_CODE = YES;
				CLANG_WARN__DUPLICATE_METHOD_MATCH = YES;
				"CODE_SIGN_IDENTITY[sdk=iphoneos*]" = "iPhone Developer";
				COPY_PHASE_STRIP = NO;
				DEBUG_INFORMATION_FORMAT = "dwarf-with-dsym";
				ENABLE_NS_ASSERTIONS = NO;
				ENABLE_STRICT_OBJC_MSGSEND = YES;
				GCC_C_LANGUAGE_STANDARD = gnu99;
				GCC_NO_COMMON_BLOCKS = YES;
				GCC_WARN_64_TO_32_BIT_CONVERSION = YES;
				GCC_WARN_ABOUT_RETURN_TYPE = YES_ERROR;
				GCC_WARN_UNDECLARED_SELECTOR = YES;
				GCC_WARN_UNINITIALIZED_AUTOS = YES_AGGRESSIVE;
				GCC_WARN_UNUSED_FUNCTION = YES;
				GCC_WARN_UNUSED_VARIABLE = YES;
				IPHONEOS_DEPLOYMENT_TARGET = 9.2;
				MTL_ENABLE_DEBUG_INFO = NO;
				SDKROOT = iphoneos;
				VALIDATE_PRODUCT = YES;
			};
			name = Release;
		};
		2DBC01761C516C5400AE6B9F /* Debug */ = {
			isa = XCBuildConfiguration;
			buildSettings = {
				ASSETCATALOG_COMPILER_APPICON_NAME = AppIcon;
				INFOPLIST_FILE = Ex1/Info.plist;
				LD_RUNPATH_SEARCH_PATHS = "$(inherited) @executable_path/Frameworks";
				PRODUCT_BUNDLE_IDENTIFIER = com.ismailov.Ex1;
				PRODUCT_NAME = "$(TARGET_NAME)";
				TARGETED_DEVICE_FAMILY = 1;
			};
			name = Debug;
		};
		2DBC01771C516C5400AE6B9F /* Release */ = {
			isa = XCBuildConfiguration;
			buildSettings = {
				ASSETCATALOG_COMPILER_APPICON_NAME = AppIcon;
				INFOPLIST_FILE = Ex1/Info.plist;
				LD_RUNPATH_SEARCH_PATHS = "$(inherited) @executable_path/Frameworks";
				PRODUCT_BUNDLE_IDENTIFIER = com.ismailov.Ex1;
				PRODUCT_NAME = "$(TARGET_NAME)";
				TARGETED_DEVICE_FAMILY = 1;
			};
			name = Release;
		};
/* End XCBuildConfiguration section */

/* Begin XCConfigurationList section */
		2DBC015E1C516C5400AE6B9F /* Build configuration list for PBXProject "Ex1" */ = {
			isa = XCConfigurationList;
			buildConfigurations = (
				2DBC01731C516C5400AE6B9F /* Debug */,
				2DBC01741C516C5400AE6B9F /* Release */,
			);
			defaultConfigurationIsVisible = 0;
			defaultConfigurationName = Release;
		};
		2DBC01751C516C5400AE6B9F /* Build configuration list for PBXNativeTarget "Ex1" */ = {
			isa = XCConfigurationList;
			buildConfigurations = (
				2DBC01761C516C5400AE6B9F /* Debug */,
				2DBC01771C516C5400AE6B9F /* Release */,
			);
			defaultConfigurationIsVisible = 0;
		};
/* End XCConfigurationList section */
	};
	rootObject = 2DBC015B1C516C5400AE6B9F /* Project object */;
}
